
Microsoft Visual Studio Solution File, Format Version 12.00
# Visual Studio 2013
VisualStudioVersion = 12.0.31101.0
MinimumVisualStudioVersion = 10.0.40219.1
Project("{FAE04EC0-301F-11D3-BF4B-00C04F79EFBC}") = "bfstats.web", "bfstats.web\bfstats.web.csproj", "{98488309-FBC5-42EE-B31B-D465359B1FC2}"
EndProject
Project("{FAE04EC0-301F-11D3-BF4B-00C04F79EFBC}") = "bfstats.core", "bfstats.core\bfstats.core.csproj", "{ED693874-B43A-46B9-A8A9-057F1A8950DF}"
EndProject
Project("{FAE04EC0-301F-11D3-BF4B-00C04F79EFBC}") = "bfstats.tests", "bfstats.tests\bfstats.tests.csproj", "{4C11F220-13CE-4713-BFF8-7FDC97BB8B76}"
EndProject
Project("{FAE04EC0-301F-11D3-BF4B-00C04F79EFBC}") = "bfstats.getbf4job", "bfstats.getbf4job\bfstats.getbf4job.csproj", "{EA0DB07D-9022-42CD-ABDB-C987603584E4}"
EndProject
Project("{FAE04EC0-301F-11D3-BF4B-00C04F79EFBC}") = "bfstats.getbfhjob", "bfstats.getbfhjob\bfstats.getbfhjob.csproj", "{D44B241B-8630-414E-BE71-DD82C781BA51}"
EndProject
Project("{FAE04EC0-301F-11D3-BF4B-00C04F79EFBC}") = "bfstats.getbf3job", "bfstats.getbf3job\bfstats.getbf3job.csproj", "{DACBFB87-BDEB-48A0-9300-B37D51215415}"
EndProject
Global
	GlobalSection(SolutionConfigurationPlatforms) = preSolution
		Debug|Any CPU = Debug|Any CPU
		Release|Any CPU = Release|Any CPU
	EndGlobalSection
	GlobalSection(ProjectConfigurationPlatforms) = postSolution
		{98488309-FBC5-42EE-B31B-D465359B1FC2}.Debug|Any CPU.ActiveCfg = Debug|Any CPU
		{98488309-FBC5-42EE-B31B-D465359B1FC2}.Debug|Any CPU.Build.0 = Debug|Any CPU
		{98488309-FBC5-42EE-B31B-D465359B1FC2}.Release|Any CPU.ActiveCfg = Release|Any CPU
		{98488309-FBC5-42EE-B31B-D465359B1FC2}.Release|Any CPU.Build.0 = Release|Any CPU
		{ED693874-B43A-46B9-A8A9-057F1A8950DF}.Debug|Any CPU.ActiveCfg = Debug|Any CPU
		{ED693874-B43A-46B9-A8A9-057F1A8950DF}.Debug|Any CPU.Build.0 = Debug|Any CPU
		{ED693874-B43A-46B9-A8A9-057F1A8950DF}.Release|Any CPU.ActiveCfg = Release|Any CPU
		{ED693874-B43A-46B9-A8A9-057F1A8950DF}.Release|Any CPU.Build.0 = Release|Any CPU
		{4C11F220-13CE-4713-BFF8-7FDC97BB8B76}.Debug|Any CPU.ActiveCfg = Debug|Any CPU
		{4C11F220-13CE-4713-BFF8-7FDC97BB8B76}.Debug|Any CPU.Build.0 = Debug|Any CPU
		{4C11F220-13CE-4713-BFF8-7FDC97BB8B76}.Release|Any CPU.ActiveCfg = Release|Any CPU
		{4C11F220-13CE-4713-BFF8-7FDC97BB8B76}.Release|Any CPU.Build.0 = Release|Any CPU
		{EA0DB07D-9022-42CD-ABDB-C987603584E4}.Debug|Any CPU.ActiveCfg = Debug|Any CPU
		{EA0DB07D-9022-42CD-ABDB-C987603584E4}.Debug|Any CPU.Build.0 = Debug|Any CPU
		{EA0DB07D-9022-42CD-ABDB-C987603584E4}.Release|Any CPU.ActiveCfg = Release|Any CPU
		{EA0DB07D-9022-42CD-ABDB-C987603584E4}.Release|Any CPU.Build.0 = Release|Any CPU
		{D44B241B-8630-414E-BE71-DD82C781BA51}.Debug|Any CPU.ActiveCfg = Debug|Any CPU
		{D44B241B-8630-414E-BE71-DD82C781BA51}.Debug|Any CPU.Build.0 = Debug|Any CPU
		{D44B241B-8630-414E-BE71-DD82C781BA51}.Release|Any CPU.ActiveCfg = Release|Any CPU
		{D44B241B-8630-414E-BE71-DD82C781BA51}.Release|Any CPU.Build.0 = Release|Any CPU
		{DACBFB87-BDEB-48A0-9300-B37D51215415}.Debug|Any CPU.ActiveCfg = Debug|Any CPU
		{DACBFB87-BDEB-48A0-9300-B37D51215415}.Debug|Any CPU.Build.0 = Debug|Any CPU
		{DACBFB87-BDEB-48A0-9300-B37D51215415}.Release|Any CPU.ActiveCfg = Release|Any CPU
		{DACBFB87-BDEB-48A0-9300-B37D51215415}.Release|Any CPU.Build.0 = Release|Any CPU
	EndGlobalSection
	GlobalSection(SolutionProperties) = preSolution
		HideSolutionNode = FALSE
	EndGlobalSection
EndGlobal
